version = 1
revision = 3
requires-python = ">=3.14"

[[package]]
name = "antlr4-python3-runtime"
version = "4.13.2"
source = { registry = "https://pypi.org/simple" }
sdist = { url = "https://files.pythonhosted.org/packages/33/5f/2cdf6f7aca3b20d3f316e9f505292e1f256a32089bd702034c29ebde6242/antlr4_python3_runtime-4.13.2.tar.gz", hash = "sha256:909b647e1d2fc2b70180ac586df3933e38919c85f98ccc656a96cd3f25ef3916", size = 117467, upload-time = "2024-08-03T19:00:12.757Z" }
wheels = [
    { url = "https://files.pythonhosted.org/packages/89/03/a851e84fcbb85214dc637b6378121ef9a0dd61b4c65264675d8a5c9b1ae7/antlr4_python3_runtime-4.13.2-py3-none-any.whl", hash = "sha256:fe3835eb8d33daece0e799090eda89719dbccee7aa39ef94eed3818cafa5a7e8", size = 144462, upload-time = "2024-08-03T19:00:11.134Z" },
]

[[package]]
name = "antlr4-tools"
version = "0.2.2"
source = { registry = "https://pypi.org/simple" }
dependencies = [
    { name = "install-jdk" },
]
sdist = { url = "https://files.pythonhosted.org/packages/b8/7c/6033a383b196b885476210ba6ba72b501c439508ea81f1560a94ea116834/antlr4_tools-0.2.2.tar.gz", hash = "sha256:8af6fba512fc168e48eb93690ed21bdbe8848ed812d12b365d9d259a26ad6ba3", size = 6177, upload-time = "2025-04-27T16:43:22.593Z" }
wheels = [
    { url = "https://files.pythonhosted.org/packages/76/e9/f3d327df348a906a83201d2a5e559194945135879b6920dbbce9c1d6fe79/antlr4_tools-0.2.2-py3-none-any.whl", hash = "sha256:79a0b971cf8337db49df076495332e9e401e2217d114ee1ac7797d3b28df001b", size = 4405, upload-time = "2025-04-27T16:43:21.527Z" },
]

[[package]]
name = "importlib-resources"
version = "6.5.2"
source = { registry = "https://pypi.org/simple" }
sdist = { url = "https://files.pythonhosted.org/packages/cf/8c/f834fbf984f691b4f7ff60f50b514cc3de5cc08abfc3295564dd89c5e2e7/importlib_resources-6.5.2.tar.gz", hash = "sha256:185f87adef5bcc288449d98fb4fba07cea78bc036455dd44c5fc4a2fe78fed2c", size = 44693, upload-time = "2025-01-03T18:51:56.698Z" }
wheels = [
    { url = "https://files.pythonhosted.org/packages/a4/ed/1f1afb2e9e7f38a545d628f864d562a5ae64fe6f7a10e28ffb9b185b4e89/importlib_resources-6.5.2-py3-none-any.whl", hash = "sha256:789cfdc3ed28c78b67a06acb8126751ced69a3d5f79c095a98298cd8a760ccec", size = 37461, upload-time = "2025-01-03T18:51:54.306Z" },
]

[[package]]
name = "install-jdk"
version = "1.1.0"
source = { registry = "https://pypi.org/simple" }
sdist = { url = "https://files.pythonhosted.org/packages/cf/67/502a753533e9b4deb691f3f7ba6303682494f2d8ee651d6253cd78045b66/install_jdk-1.1.0.tar.gz", hash = "sha256:2bfd53caf660e4916df0215a5715519dcb9547fa2a5f07421fd97a8046851eaa", size = 15181, upload-time = "2023-07-21T01:18:36.591Z" }
wheels = [
    { url = "https://files.pythonhosted.org/packages/7e/5e/af84054b0ff9f9fbe49a7079d46ba8b4ee7ab6192a0310d4bd2c91254626/install_jdk-1.1.0-py3-none-any.whl", hash = "sha256:b63f0fcd63f7abab3443d4120ba92716397753b8a8ea3c85762a629925a9936e", size = 15648, upload-time = "2023-07-21T01:18:35.501Z" },
]

[[package]]
name = "lr5"
version = "0.1.0"
source = { virtual = "." }
dependencies = [
    { name = "antlr4-python3-runtime" },
    { name = "antlr4-tools" },
    { name = "importlib-resources" },
    { name = "install-jdk" },
    { name = "typing" },
    { name = "wasmtime" },
]

[package.metadata]
requires-dist = [
    { name = "antlr4-python3-runtime", specifier = ">=4.13.2" },
    { name = "antlr4-tools", specifier = ">=0.2.2" },
    { name = "importlib-resources", specifier = ">=6.5.2" },
    { name = "install-jdk", specifier = ">=1.1.0" },
    { name = "typing", specifier = ">=3.10.0.0" },
    { name = "wasmtime", specifier = ">=40.0.0" },
]

[[package]]
name = "typing"
version = "3.10.0.0"
source = { registry = "https://pypi.org/simple" }
sdist = { url = "https://files.pythonhosted.org/packages/b0/1b/835d4431805939d2996f8772aca1d2313a57e8860fec0e48e8e7dfe3a477/typing-3.10.0.0.tar.gz", hash = "sha256:13b4ad211f54ddbf93e5901a9967b1e07720c1d1b78d596ac6a439641aa1b130", size = 78962, upload-time = "2021-05-01T18:03:58.186Z" }
wheels = [
    { url = "https://files.pythonhosted.org/packages/f2/5d/865e17349564eb1772688d8afc5e3081a5964c640d64d1d2880ebaed002d/typing-3.10.0.0-py3-none-any.whl", hash = "sha256:12fbdfbe7d6cca1a42e485229afcb0b0c8259258cfb919b8a5e2a5c953742f89", size = 26320, upload-time = "2021-05-01T18:03:56.398Z" },
]

[[package]]
name = "wasmtime"
version = "40.0.0"
source = { registry = "https://pypi.org/simple" }
sdist = { url = "https://files.pythonhosted.org/packages/ab/96/3e7e9b4c5b9d3071b469502d0c4418d1492e5ce52bbf5b985703b08c6892/wasmtime-40.0.0.tar.gz", hash = "sha256:48417c59f13be145184cff61fef61bb52556ea0e7417c25bec09af2d859745ab", size = 117370, upload-time = "2025-12-22T16:30:39.179Z" }
wheels = [
    { url = "https://files.pythonhosted.org/packages/2c/19/da6935d495d5bf5a1defa261c183af3e624b6684bfe8d54a0aa4caf238b6/wasmtime-40.0.0-py3-none-android_26_arm64_v8a.whl", hash = "sha256:f81dcd8850c66bbe8da53774515bd255a18fce595899e9d851f9969d48d7f592", size = 6894176, upload-time = "2025-12-22T16:30:23.962Z" },
    { url = "https://files.pythonhosted.org/packages/bf/20/2d6afa0e102e85745a3f637e399151f725e836e91c1cd8304bf8cda6eb8f/wasmtime-40.0.0-py3-none-android_26_x86_64.whl", hash = "sha256:b462e868f9af4bc69ee353e2cebb3ea5c14984f07b703e3dfc208697ac798fc9", size = 7735017, upload-time = "2025-12-22T16:30:25.709Z" },
    { url = "https://files.pythonhosted.org/packages/ac/fa/4d061d3b54d8b550c1a043d197380dd54fb1954c58363b914c061fa7a86e/wasmtime-40.0.0-py3-none-any.whl", hash = "sha256:b7532706094f768fcab15fa0cf8c57278f7bc2770a32a74b98e3be7db0984e56", size = 6297908, upload-time = "2025-12-22T16:30:27.164Z" },
    { url = "https://files.pythonhosted.org/packages/64/33/10a68779d53557a7d441b40106a7ea0085e9b0af9d82466082cafa890258/wasmtime-40.0.0-py3-none-macosx_10_13_x86_64.whl", hash = "sha256:e2f374948982a749e5c64de04d1a322ecc79ffd633e0f269c47567c3834c4836", size = 7507846, upload-time = "2025-12-22T16:30:28.312Z" },
    { url = "https://files.pythonhosted.org/packages/2c/5f/ef035900032a5012aad368017abf2a7b626aed38b31e8f35c3266a3a3676/wasmtime-40.0.0-py3-none-macosx_11_0_arm64.whl", hash = "sha256:fd2d37071c493377b7c4b27e5d1fe2154f4434fbb6af70f1dce9969f287dac62", size = 6533509, upload-time = "2025-12-22T16:30:29.99Z" },
    { url = "https://files.pythonhosted.org/packages/01/bb/8f6dd6a213706a101c7c598609015648fbd82bd34455cabdec300c304d8c/wasmtime-40.0.0-py3-none-manylinux1_x86_64.whl", hash = "sha256:d1ad1be984bea3f2325e67258bc9d6d2d4520cfdbcc3b0ae752c8b4817d0212c", size = 7798564, upload-time = "2025-12-22T16:30:31.649Z" },
    { url = "https://files.pythonhosted.org/packages/a8/d2/d6f1b1f22da240c14bc60459677fbc13cd630260a2c5eac9737dbde63bb5/wasmtime-40.0.0-py3-none-manylinux2014_aarch64.whl", hash = "sha256:3e711b1049ac95f5f34c945b827311c5d382236af5e535a880a26b8861e85aae", size = 6815182, upload-time = "2025-12-22T16:30:33.154Z" },
    { url = "https://files.pythonhosted.org/packages/be/9f/401934f38c6a6559d2be12180793f18c7c726938a1d207fcfc20a8d4091b/wasmtime-40.0.0-py3-none-musllinux_1_2_aarch64.whl", hash = "sha256:504a903099b0518d589db5c17ee6c95b207392c58a272081dc59c33d7000d11f", size = 6893582, upload-time = "2025-12-22T16:30:34.344Z" },
    { url = "https://files.pythonhosted.org/packages/9f/60/c9300d1146f577847aab879ec90d9da3bc7e20f62150386f08adc4aacf41/wasmtime-40.0.0-py3-none-musllinux_1_2_x86_64.whl", hash = "sha256:fee1be5dea191e8350db2e00ff0e57205b9c2d552c6537d736c5c9c75b1470da", size = 7831639, upload-time = "2025-12-22T16:30:35.6Z" },
    { url = "https://files.pythonhosted.org/packages/85/be/2f81a31430f02f57602ae1b4ff0e369b3cbd07c2fcdd0b696b75e9bfc30a/wasmtime-40.0.0-py3-none-win_amd64.whl", hash = "sha256:ebce72e82d1d18726ce3e769094fd8b1d9fc9a1d310cd87c6a85d3ce48fa6567", size = 6297915, upload-time = "2025-12-22T16:30:36.878Z" },
    { url = "https://files.pythonhosted.org/packages/d2/87/35cbfdf9619c958a8b48f2ad083b88abc1521d771bfab668002e4405a1da/wasmtime-40.0.0-py3-none-win_arm64.whl", hash = "sha256:7667966236bba5e80a1c454553e566a1fa700328bc3e65b5ca970bee7e177e57", size = 5398931, upload-time = "2025-12-22T16:30:38.047Z" },
]
